
Microsoft Visual Studio Solution File, Format Version 12.00
# Visual Studio Version 17
VisualStudioVersion = 17.7.34031.279
MinimumVisualStudioVersion = 10.0.40219.1
Project("{FAE04EC0-301F-11D3-BF4B-00C04F79EFBC}") = "ProvaUnitTest", "ProvaUnitTest\ProvaUnitTest.csproj", "{311312A5-110A-4ADE-BCB8-D6D029AEEAE7}"
EndProject
Project("{FAE04EC0-301F-11D3-BF4B-00C04F79EFBC}") = "UnitTestProdotto", "UnitTestProdotto\UnitTestProdotto.csproj", "{FAA040E2-257C-40E6-9C12-3B449FB4521E}"
EndProject
Global
	GlobalSection(SolutionConfigurationPlatforms) = preSolution
		Debug|Any CPU = Debug|Any CPU
		Release|Any CPU = Release|Any CPU
	EndGlobalSection
	GlobalSection(ProjectConfigurationPlatforms) = postSolution
		{311312A5-110A-4ADE-BCB8-D6D029AEEAE7}.Debug|Any CPU.ActiveCfg = Debug|Any CPU
		{311312A5-110A-4ADE-BCB8-D6D029AEEAE7}.Debug|Any CPU.Build.0 = Debug|Any CPU
		{311312A5-110A-4ADE-BCB8-D6D029AEEAE7}.Release|Any CPU.ActiveCfg = Release|Any CPU
		{311312A5-110A-4ADE-BCB8-D6D029AEEAE7}.Release|Any CPU.Build.0 = Release|Any CPU
		{FAA040E2-257C-40E6-9C12-3B449FB4521E}.Debug|Any CPU.ActiveCfg = Debug|Any CPU
		{FAA040E2-257C-40E6-9C12-3B449FB4521E}.Debug|Any CPU.Build.0 = Debug|Any CPU
		{FAA040E2-257C-40E6-9C12-3B449FB4521E}.Release|Any CPU.ActiveCfg = Release|Any CPU
		{FAA040E2-257C-40E6-9C12-3B449FB4521E}.Release|Any CPU.Build.0 = Release|Any CPU
	EndGlobalSection
	GlobalSection(SolutionProperties) = preSolution
		HideSolutionNode = FALSE
	EndGlobalSection
	GlobalSection(ExtensibilityGlobals) = postSolution
		SolutionGuid = {8CDB7D2B-65FD-40C6-AE5F-E38C2978CD71}
	EndGlobalSection
EndGlobal
